
Microsoft Visual Studio Solution File, Format Version 12.00
# Visual Studio Version 17
VisualStudioVersion = 17.8.34330.188
MinimumVisualStudioVersion = 10.0.40219.1
Project("{FAE04EC0-301F-11D3-BF4B-00C04F79EFBC}") = "Array.PositiveAndNegativeNumber", "Array.PositiveAndNegativeNumber\Array.PositiveAndNegativeNumber.csproj", "{5C4A7700-8DB4-4C86-B374-AF823F544382}"
EndProject
Global
	GlobalSection(SolutionConfigurationPlatforms) = preSolution
		Debug|Any CPU = Debug|Any CPU
		Release|Any CPU = Release|Any CPU
	EndGlobalSection
	GlobalSection(ProjectConfigurationPlatforms) = postSolution
		{5C4A7700-8DB4-4C86-B374-AF823F544382}.Debug|Any CPU.ActiveCfg = Debug|Any CPU
		{5C4A7700-8DB4-4C86-B374-AF823F544382}.Debug|Any CPU.Build.0 = Debug|Any CPU
		{5C4A7700-8DB4-4C86-B374-AF823F544382}.Release|Any CPU.ActiveCfg = Release|Any CPU
		{5C4A7700-8DB4-4C86-B374-AF823F544382}.Release|Any CPU.Build.0 = Release|Any CPU
	EndGlobalSection
	GlobalSection(SolutionProperties) = preSolution
		HideSolutionNode = FALSE
	EndGlobalSection
	GlobalSection(ExtensibilityGlobals) = postSolution
		SolutionGuid = {EDA6AA37-E631-4845-8B72-04CA2EDFF94D}
	EndGlobalSection
EndGlobal
